
Microsoft Visual Studio Solution File, Format Version 12.00
# Visual Studio Version 17
VisualStudioVersion = 17.14.36915.13
MinimumVisualStudioVersion = 10.0.40219.1
Project("{FAE04EC0-301F-11D3-BF4B-00C04F79EFBC}") = "1 - Two Sum", "0001-TwoSum\1 - Two Sum.csproj", "{89263ED5-4CFB-A175-CD95-9891456F876C}"
EndProject
Project("{FAE04EC0-301F-11D3-BF4B-00C04F79EFBC}") = "2 - Add Two Numbers", "0002-AddTwoNumbers\2 - Add Two Numbers.csproj", "{9902C0D5-F0B8-E50D-7038-8F738EFA99C0}"
EndProject
Project("{FAE04EC0-301F-11D3-BF4B-00C04F79EFBC}") = "9 - Palindrome Number", "0009-PalindromeNumber\9 - Palindrome Number.csproj", "{E68D154E-CB10-75F9-D972-D638EFF8C65B}"
EndProject
Project("{FAE04EC0-301F-11D3-BF4B-00C04F79EFBC}") = "0013-Roman to Integer", "0013-Roman to Integer\0013-Roman to Integer.csproj", "{5DCB1A32-D001-4A62-A430-A033F65019F5}"
EndProject
Global
	GlobalSection(SolutionConfigurationPlatforms) = preSolution
		Debug|Any CPU = Debug|Any CPU
		Release|Any CPU = Release|Any CPU
	EndGlobalSection
	GlobalSection(ProjectConfigurationPlatforms) = postSolution
		{89263ED5-4CFB-A175-CD95-9891456F876C}.Debug|Any CPU.ActiveCfg = Debug|Any CPU
		{89263ED5-4CFB-A175-CD95-9891456F876C}.Debug|Any CPU.Build.0 = Debug|Any CPU
		{89263ED5-4CFB-A175-CD95-9891456F876C}.Release|Any CPU.ActiveCfg = Release|Any CPU
		{89263ED5-4CFB-A175-CD95-9891456F876C}.Release|Any CPU.Build.0 = Release|Any CPU
		{9902C0D5-F0B8-E50D-7038-8F738EFA99C0}.Debug|Any CPU.ActiveCfg = Debug|Any CPU
		{9902C0D5-F0B8-E50D-7038-8F738EFA99C0}.Debug|Any CPU.Build.0 = Debug|Any CPU
		{9902C0D5-F0B8-E50D-7038-8F738EFA99C0}.Release|Any CPU.ActiveCfg = Release|Any CPU
		{9902C0D5-F0B8-E50D-7038-8F738EFA99C0}.Release|Any CPU.Build.0 = Release|Any CPU
		{E68D154E-CB10-75F9-D972-D638EFF8C65B}.Debug|Any CPU.ActiveCfg = Debug|Any CPU
		{E68D154E-CB10-75F9-D972-D638EFF8C65B}.Debug|Any CPU.Build.0 = Debug|Any CPU
		{E68D154E-CB10-75F9-D972-D638EFF8C65B}.Release|Any CPU.ActiveCfg = Release|Any CPU
		{E68D154E-CB10-75F9-D972-D638EFF8C65B}.Release|Any CPU.Build.0 = Release|Any CPU
		{5DCB1A32-D001-4A62-A430-A033F65019F5}.Debug|Any CPU.ActiveCfg = Debug|Any CPU
		{5DCB1A32-D001-4A62-A430-A033F65019F5}.Debug|Any CPU.Build.0 = Debug|Any CPU
		{5DCB1A32-D001-4A62-A430-A033F65019F5}.Release|Any CPU.ActiveCfg = Release|Any CPU
		{5DCB1A32-D001-4A62-A430-A033F65019F5}.Release|Any CPU.Build.0 = Release|Any CPU
	EndGlobalSection
	GlobalSection(SolutionProperties) = preSolution
		HideSolutionNode = FALSE
	EndGlobalSection
	GlobalSection(ExtensibilityGlobals) = postSolution
		SolutionGuid = {E0237385-D70E-4034-8FF8-5BE372798FA4}
	EndGlobalSection
EndGlobal
